github.com/AndreasBriese/bbloom v0.0.0-20190306092124-e2d15f34fcf9/go.mod h1:bOvUY6CB00SOBii9/FifXqc0awNKxLFCL/+pkDPuyl8=
github.com/BurntSushi/toml v0.3.1 h1:WXkYYl6Yr3qBf1K79EBnL4mak0OimBfB0XUf9Vl28OQ=
github.com/BurntSushi/toml v0.3.1/go.mod h1:xHWCNGjB5oqiDr8zfno3MHue2Ht5sIBksp03qcyfWMU=
github.com/CloudyKit/fastprinter v0.0.0-20200109182630-33d98a066a53 h1:sR+/8Yb4slttB4vD+b9btVEnWgL3Q00OBTzVT8B9C0c=
github.com/CloudyKit/fastprinter v0.0.0-20200109182630-33d98a066a53/go.mod h1:+3IMCy2vIlbG1XG/0ggNQv0SvxCAIpPM5b1nCz56Xno=
github.com/CloudyKit/jet/v3 v3.0.0 h1:1PwO5w5VCtlUUl+KTOBsTGZlhjWkcybsGaAau52tOy8=
github.com/CloudyKit/jet/v3 v3.0.0/go.mod h1:HKQPgSJmdK8hdoAbKUUWajkHyHo4RaU5rMdUywE7VMo=
github.com/Joker/hpp v1.0.0 h1:65+iuJYdRXv/XyN62C1uEmmOx3432rNG/rKlX6V7Kkc=
github.com/Joker/hpp v1.0.0/go.mod h1:8x5n+M1Hp5hC0g8okX3sR3vFQwynaX/UgSOM9MeBKzY=
github.com/Microsoft/go-winio v0.4.14/go.mod h1:qXqCSQ3Xa7+6tgxaGTIe4Kpcdsi+P8jBhyzoq1bpyYA=
github.com/Microsoft/go-winio v0.4.16 h1:FtSW/jqD+l4ba5iPBj9CODVtgfYAD8w2wS923g/cFDk=
github.com/Microsoft/go-winio v0.4.16/go.mod h1:XB6nPKklQyQ7GC9LdcBEcBl8PF76WugXOPRXwdLnMv0=
github.com/ProtonMail/go-crypto v0.0.0-20210428141323-04723f9f07d7 h1:YoJbenK9C67SkzkDfmQuVln04ygHj3vjZfd9FL+GmQQ=
github.com/ProtonMail/go-crypto v0.0.0-20210428141323-04723f9f07d7/go.mod h1:z4/9nQmJSSwwds7ejkxaJwO37dru3geImFUdJlaLzQo=
github.com/Shopify/goreferrer v0.0.0-20181106222321-ec9c9a553398 h1:WDC6ySpJzbxGWFh4aMxFFC28wwGp5pEuoTtvA4q/qQ4=
github.com/Shopify/goreferrer v0.0.0-20181106222321-ec9c9a553398/go.mod h1:a1uqRtAwp2Xwc6WNPJEufxJ7fx3npB4UV/JOLmbu5I0=
github.com/acomagu/bufpipe v1.0.3 h1:fxAGrHZTgQ9w5QqVItgzwj235/uYZYgbXitB+dLupOk=
github.com/acomagu/bufpipe v1.0.3/go.mod h1:mxdxdup/WdsKVreO5GpW4+M/1CE2sMG4jeGJ2sYmHc4=
github.com/ajg/form v1.5.1 h1:t9c7v8JUKu/XxOGBU0yjNpaMloxGEJhUkqFRq0ibGeU=
github.com/ajg/form v1.5.1/go.mod h1:uL1WgH+h2mgNtvBq0339dVnzXdBETtL2LeUXaIv25UY=
github.com/alecthomas/assert v0.0.0-20170929043011-405dbfeb8e38 h1:smF2tmSOzy2Mm+0dGI2AIUHY+w0BUc+4tn40djz7+6U=
github.com/alecthomas/assert v0.0.0-20170929043011-405dbfeb8e38/go.mod h1:r7bzyVFMNntcxPZXK3/+KdruV1H5KSlyVY0gc+NgInI=
github.com/alecthomas/chroma v0.8.2 h1:x3zkuE2lUk/RIekyAJ3XRqSCP4zwWDfcw/YJCuCAACg=
github.com/alecthomas/chroma v0.8.2/go.mod h1:sko8vR34/90zvl5QdcUdvzL3J8NKjAUx9va9jPuFNoM=
github.com/alecthomas/colour v0.0.0-20160524082231-60882d9e2721 h1:JHZL0hZKJ1VENNfmXvHbgYlbUOvpzYzvy2aZU5gXVeo=
github.com/alecthomas/colour v0.0.0-20160524082231-60882d9e2721/go.mod h1:QO9JBoKquHd+jz9nshCh40fOfO+JzsoXy8qTHF68zU0=
github.com/alecthomas/kong v0.2.4/go.mod h1:kQOmtJgV+Lb4aj+I2LEn40cbtawdWJ9Y8QLq+lElKxE=
github.com/alecthomas/repr v0.0.0-20180818092828-117648cd9897 h1:p9Sln00KOTlrYkxI1zYWl1QLnEqAqEARBEYa8FQnQcY=
github.com/alecthomas/repr v0.0.0-20180818092828-117648cd9897/go.mod h1:xTS7Pm1pD1mvyM075QCDSRqH6qRLXylzS24ZTpRiSzQ=
github.com/andybalholm/brotli v1.0.2 h1:JKnhI/XQ75uFBTiuzXpzFrUriDPiZjlOSzh6wXogP0E=
github.com/andybalholm/brotli v1.0.2/go.mod h1:loMXtMfwqflxFJPmdbJO0a3KNoPuLBgiu3qAvBg8x/Y=
github.com/anmitsu/go-shlex v0.0.0-20161002113705-648efa622239/go.mod h1:2FmKhYUyUczH0OGQWaF5ceTx0UBShxjsH6f8oGKYe2c=
github.com/anmitsu/go-shlex v0.0.0-20200514113438-38f4b401e2be h1:9AeTilPcZAjCFIImctFaOjnTIavg87rW78vTPkQqLI8=
github.com/anmitsu/go-shlex v0.0.0-20200514113438-38f4b401e2be/go.mod h1:ySMOLuWl6zY27l47sB3qLNK6tF2fkHG55UZxx8oIVo4=
github.com/armon/consul-api v0.0.0-20180202201655-eb2c6b5be1b6/go.mod h1:grANhF5doyWs3UAsr3K4I6qtAmlQcZDesFNEHPZAzj8=
github.com/armon/go-socks5 v0.0.0-20160902184237-e75332964ef5 h1:0CwZNZbxp69SHPdPJAN/hZIm0C4OItdklCFmMRWYpio=
github.com/armon/go-socks5 v0.0.0-20160902184237-e75332964ef5/go.mod h1:wHh0iHkYZB8zMSxRWpUBQtwG5a7fFgvEO+odwuTv2gs=
github.com/atotto/clipboard v0.1.2/go.mod h1:ZY9tmq7sm5xIbd9bOK4onWV4S6X0u6GY7Vn0Yu86PYI=
github.com/aymerick/douceur v0.2.0 h1:Mv+mAeH1Q+n9Fr+oyamOlAkUNPWPlA8PPGR0QAaYuPk=
github.com/aymerick/douceur v0.2.0/go.mod h1:wlT5vV2O3h55X9m7iVYN0TBM0NH/MmbLnd30/FjWUq4=
github.com/aymerick/raymond v2.0.3-0.20180322193309-b565731e1464+incompatible h1:Ppm0npCCsmuR9oQaBtRuZcmILVE74aXE+AmrJj8L2ns=
github.com/aymerick/raymond v2.0.3-0.20180322193309-b565731e1464+incompatible/go.mod h1:osfaiScAUVup+UC9Nfq76eWqDhXlp+4UYaA8uhTBO6g=
github.com/charmbracelet/bubbles v0.9.0 h1:lqJ8FXwoLceQF2J0A+dWo1Cuu1dNyjbW4Opgdi2vkhw=
github.com/charmbracelet/bubbles v0.9.0/go.mod h1:NWT/c+0rYEnYChz5qCyX4Lj6fDw9gGToh9EFJPajghU=
github.com/charmbracelet/bubbletea v0.14.1/go.mod h1:b5lOf5mLjMg1tRn1HVla54guZB+jvsyV0yYAQja95zE=
github.com/charmbracelet/bubbletea v0.19.0/go.mod h1:VuXF2pToRxDUHcBUcPmCRUHRvFATM4Ckb/ql1rBl3KA=
github.com/charmbracelet/bubbletea v0.19.2 h1:tUSaPH1EFT8b6BbwAGm7a+uuTB3uI7hwaCOKQ7Yithk=
github.com/charmbracelet/bubbletea v0.19.2/go.mod h1:VuXF2pToRxDUHcBUcPmCRUHRvFATM4Ckb/ql1rBl3KA=
github.com/charmbracelet/glamour v0.3.0 h1:3H+ZrKlSg8s+WU6V7eF2eRVYt8lCueffbi7r2+ffGkc=
github.com/charmbracelet/glamour v0.3.0/go.mod h1:TzF0koPZhqq0YVBNL100cPHznAAjVj7fksX2RInwjGw=
github.com/charmbracelet/harmonica v0.1.0/go.mod h1:KSri/1RMQOZLbw7AHqgcBycp8pgJnQMYYT8QZRqZ1Ao=
github.com/charmbracelet/keygen v0.1.2 h1:Gr/gdIOjDIxCTRVXpwa9tsXPoJPS2eGNehPoMnZLvTQ=
github.com/charmbracelet/keygen v0.1.2/go.mod h1:kFQ3Cvop12fXWX1K29vxDxV9x8ujG4wBSXq//GySSSk=
github.com/charmbracelet/lipgloss v0.3.0/go.mod h1:VkhdBS2eNAmRkTwRKLJCFhCOVkjntMusBDxv7TXahuk=
github.com/charmbracelet/lipgloss v0.4.0 h1:768h64EFkGUr8V5yAKV7/Ta0NiVceiPaV+PphaW1K9g=
github.com/charmbracelet/lipgloss v0.4.0/go.mod h1:vmdkHvce7UzX6xkyf4cca8WlwdQ5RQr8fzta+xl7BOM=
github.com/charmbracelet/wish v0.1.1 h1:BLsUBlHzIxw5ebzmBzxUUMfakdteew6gQOhudhsLKpM=
github.com/charmbracelet/wish v0.1.1/go.mod h1:tD+sb5aS1SSX0t7hIZXXUonv2YbnFNCnU6qfOolKKUE=
github.com/containerd/console v1.0.1/go.mod h1:XUsP6YE/mKtz6bxc+I8UiKKTP04qjQL4qcS3XoQ5xkw=
github.com/containerd/console v1.0.2 h1:Pi6D+aZXM+oUw1czuKgH5IJ+y0jhYcwBJfx5/Ghn9dE=
github.com/containerd/console v1.0.2/go.mod h1:ytZPjGgY2oeTkAONYafi2kSj0aYggsf8acV1PGKCbzQ=
github.com/coreos/etcd v3.3.10+incompatible/go.mod h1:uF7uidLiAD3TWHmW31ZFd/JWoc32PjwdhPthX9715RE=
github.com/coreos/go-etcd v2.0.0+incompatible/go.mod h1:Jez6KQU2B/sWsbdaef3ED8NzMklzPG4d5KIOhIy30Tk=
github.com/coreos/go-semver v0.2.0/go.mod h1:nnelYz7RCh+5ahJtPPxZlU+153eP4D4r3EedlOD2RNk=
github.com/cpuguy83/go-md2man v1.0.10/go.mod h1:SmD6nW6nTyfqj6ABTjUi3V3JVMnlJmwcJI5acqYI6dE=
github.com/creack/pty v1.1.9/go.mod h1:oKZEueFk5CKHvIhNR5MUki03XCEU+Q6VDXinZuGJ33E=
github.com/danwakefield/fnmatch v0.0.0-20160403171240-cbb64ac3d964 h1:y5HC9v93H5EPKqaS1UYVg1uYah5Xf51mBfIoWehClUQ=
github.com/danwakefield/fnmatch v0.0.0-20160403171240-cbb64ac3d964/go.mod h1:Xd9hchkHSWYkEqJwUGisez3G1QY8Ryz0sdWrLPMGjLk=
github.com/davecgh/go-spew v1.1.0/go.mod h1:J7Y8YcW2NihsgmVo/mv3lAwl/skON4iLHjSsI+c5H38=
github.com/davecgh/go-spew v1.1.1 h1:vj9j/u1bqnvCEfJOwUhtlOARqs3+rkHYY13jYWTU97c=
github.com/davecgh/go-spew v1.1.1/go.mod h1:J7Y8YcW2NihsgmVo/mv3lAwl/skON4iLHjSsI+c5H38=
github.com/dgraph-io/badger v1.6.0/go.mod h1:zwt7syl517jmP8s94KqSxTlM6IMsdhYy6psNgSztDR4=
github.com/dgryski/go-farm v0.0.0-20190423205320-6a90982ecee2/go.mod h1:SqUrOPUnsFjfmXRMNPybcSiG0BgUW2AuFH8PAnS2iTw=
github.com/dlclark/regexp2 v1.2.0 h1:8sAhBGEM0dRWogWqWyQeIJnxjWO6oIjl8FKqREDsGfk=
github.com/dlclark/regexp2 v1.2.0/go.mod h1:2pZnwuY/m+8K6iRw6wQdMtk+rH5tNGR1i55kozfMjCc=
github.com/dustin/go-humanize v1.0.0 h1:VSnTsYCnlFHaM2/igO1h6X3HA71jcobQuxemgkq4zYo=
github.com/dustin/go-humanize v1.0.0/go.mod h1:HtrtbFcZ19U5GC7JDqmcUSB87Iq5E25KnS6fMYU6eOk=
github.com/eknkc/amber v0.0.0-20171010120322-cdade1c07385 h1:clC1lXBpe2kTj2VHdaIu9ajZQe4kcEY9j0NsnDDBZ3o=
github.com/eknkc/amber v0.0.0-20171010120322-cdade1c07385/go.mod h1:0vRUJqYpeSZifjYj7uP3BG/gKcuzL9xWVV/Y+cK33KM=
github.com/emirpasic/gods v1.12.0 h1:QAUIPSaCu4G+POclxeqb3F+WPpdKqFGlw36+yOzGlrg=
github.com/emirpasic/gods v1.12.0/go.mod h1:YfzfFFoVP/catgzJb4IKIqXjX78Ha8FMSDh3ymbK86o=
github.com/etcd-io/bbolt v1.3.3/go.mod h1:ZF2nL25h33cCyBtcyWeZ2/I3HQOfTP+0PIEvHjkjCrw=
github.com/fatih/structs v1.1.0 h1:Q7juDM0QtcnhCpeyLGQKyg4TOIghuNXrkL32pHAUMxo=
github.com/fatih/structs v1.1.0/go.mod h1:9NiDSp5zOcgEDl+j00MP/WkGVPOlPRLejGD8Ga6PJ7M=
github.com/flynn/go-shlex v0.0.0-20150515145356-3f9db97f8568/go.mod h1:xEzjJPgXI435gkrCt3MPfRiAkVrwSbHsst4LCFVfpJc=
github.com/fsnotify/fsnotify v1.4.7/go.mod h1:jwhsz4b93w/PPRr/qN1Yymfu8t87LnFCMoQvtojpjFo=
github.com/gavv/httpexpect v2.0.0+incompatible h1:1X9kcRshkSKEjNJJxX9Y9mQ5BRfbxU5kORdjhlA1yX8=
github.com/gavv/httpexpect v2.0.0+incompatible/go.mod h1:x+9tiU1YnrOvnB725RkpoLv1M62hOWzwo5OXotisrKc=
github.com/gliderlabs/ssh v0.2.2/go.mod h1:U7qILu1NlMHj9FlMhZLlkCdDnU1DBEAqr0aevW3Awn0=
github.com/gliderlabs/ssh v0.3.3 h1:mBQ8NiOgDkINJrZtoizkC3nDNYgSaWtxyem6S2XHBtA=
github.com/gliderlabs/ssh v0.3.3/go.mod h1:ZSS+CUoKHDrqVakTfTWUlKSr9MtMFkC4UvtQKD7O914=
github.com/go-check/check v0.0.0-20180628173108-788fd7840127 h1:0gkP6mzaMqkmpcJYCFOLkIBwI7xFExG03bbkOkCvUPI=
github.com/go-check/check v0.0.0-20180628173108-788fd7840127/go.mod h1:9ES+weclKsC9YodN5RgxqK/VD9HM9JsCSh7rNhMZE98=
github.com/go-git/gcfg v1.5.0 h1:Q5ViNfGF8zFgyJWPqYwA7qGFoMTEiBmdlkcfRmpIMa4=
github.com/go-git/gcfg v1.5.0/go.mod h1:5m20vg6GwYabIxaOonVkTdrILxQMpEShl1xiMF4ua+E=
github.com/go-git/go-billy/v5 v5.2.0/go.mod h1:pmpqyWchKfYfrkb/UVH4otLvyi/5gJlGI4Hb3ZqZ3W0=
github.com/go-git/go-billy/v5 v5.3.1 h1:CPiOUAzKtMRvolEKw+bG1PLRpT7D3LIs3/3ey4Aiu34=
github.com/go-git/go-billy/v5 v5.3.1/go.mod h1:pmpqyWchKfYfrkb/UVH4otLvyi/5gJlGI4Hb3ZqZ3W0=
github.com/go-git/go-git-fixtures/v4 v4.2.1 h1:n9gGL1Ct/yIw+nfsfr8s4+sbhT+Ncu2SubfXjIWgci8=
github.com/go-git/go-git-fixtures/v4 v4.2.1/go.mod h1:K8zd3kDUAykwTdDCr+I0per6Y6vMiRR/nnVTBtavnB0=
github.com/go-git/go-git/v5 v5.4.2 h1:BXyZu9t0VkbiHtqrsvdq39UDhGJTl1h55VW6CSC4aY4=
github.com/go-git/go-git/v5 v5.4.2/go.mod h1:gQ1kArt6d+n+BGd+/B/I74HwRTLhth2+zti4ihgckDc=
github.com/gobwas/httphead v0.0.0-20180130184737-2c6c146eadee/go.mod h1:L0fX3K22YWvt/FAX9NnzrNzcI4wNYi9Yku4O0LKYflo=
github.com/gobwas/pool v0.2.0/go.mod h1:q8bcK0KcYlCgd9e7WYLm9LpyS+YeLd8JVDW6WezmKEw=
github.com/gobwas/ws v1.0.2/go.mod h1:szmBTxLgaFppYjEmNtny/v3w89xOydFnnZMcgRRu/EM=
github.com/golang/protobuf v1.3.1/go.mod h1:6lQm79b+lXiMfvg/cZm0SGofjICqVBUtrP5yJMmIC1U=
github.com/golang/snappy v0.0.3/go.mod h1:/XxbfmMg8lxefKM7IXC3fBNl/7bRcc72aCRzEWrmP2Q=
github.com/gomodule/redigo v1.7.1-0.20190724094224-574c33c3df38/go.mod h1:B4C85qUVwatsJoIUNIfCRsp7qO0iAmpGFZ4EELWSbC4=
github.com/google/go-cmp v0.3.0/go.mod h1:8QqcDgzrUqlUb/G2PQTWiueGozuR1884gddMywk6iLU=
github.com/google/go-cmp v0.5.2 h1:X2ev0eStA3AbceY54o37/0PQ/UWqKEiiO2dKL5OPaFM=
github.com/google/go-cmp v0.5.2/go.mod h1:v8dTdLbMG2kIc/vJvl+f65V22dbkXbowE6jgT/gNBxE=
github.com/google/go-querystring v1.1.0 h1:AnCroh3fv4ZBgVIf1Iwtovgjaw/GiKJo8M8yD/fhyJ8=
github.com/google/go-querystring v1.1.0/go.mod h1:Kcdr2DB4koayq7X8pmAG4sNG59So17icRSOU623lUBU=
github.com/google/gofuzz v1.0.0/go.mod h1:dBl0BpW6vV/+mYPU4Po3pmUjxk6FQPldtuIdl/M65Eg=
github.com/gopherjs/gopherjs v0.0.0-20181017120253-0766667cb4d1 h1:EGx4pi6eqNxGaHF6qqu48+N2wcFQ5qg5FXgOdqsJ5d8=
github.com/gopherjs/gopherjs v0.0.0-20181017120253-0766667cb4d1/go.mod h1:wJfORRmW1u3UXTncJ5qlYoELFm8eSnnEO6hX4iZ3EWY=
github.com/gorilla/css v1.0.0 h1:BQqNyPTi50JCFMTw/b67hByjMVXZRwGha6wxVGkeihY=
github.com/gorilla/css v1.0.0/go.mod h1:Dn721qIggHpt4+EFCcTLTU/vk5ySda2ReITrtgBl60c=
github.com/gorilla/websocket v1.4.1 h1:q7AeDBpnBk8AogcD4DSag/Ukw/KV+YhzLj2bP5HvKCM=
github.com/gorilla/websocket v1.4.1/go.mod h1:YR8l580nyteQvAITg2hZ9XVh4b55+EU/adAjf1fMHhE=
github.com/hashicorp/go-version v1.2.0/go.mod h1:fltr4n8CU8Ke44wwGCBoEymUuxUHl09ZGVZPK5anwXA=
github.com/hashicorp/hcl v1.0.0/go.mod h1:E5yfLk+7swimpb2L/Alb/PJmXilQ/rhwaUYs4T20WEQ=
github.com/imdario/mergo v0.3.12 h1:b6R2BslTbIEToALKP7LxUvijTsNI9TAe80pLWN2g/HU=
github.com/imdario/mergo v0.3.12/go.mod h1:jmQim1M+e3UYxmgPu/WyfjB3N3VflVyUjjjwH0dnCYA=
github.com/imkira/go-interpol v1.1.0 h1:KIiKr0VSG2CUW1hl1jpiyuzuJeKUUpC8iM1AIE7N1Vk=
github.com/imkira/go-interpol v1.1.0/go.mod h1:z0h2/2T3XF8kyEPpRgJ3kmNv+C43p+I/CoI+jC3w2iA=
github.com/inconshreveable/mousetrap v1.0.0/go.mod h1:PxqpIevigyE2G7u3NXJIT2ANytuPF1OarO4DADm73n8=
github.com/iris-contrib/blackfriday v2.0.0+incompatible h1:o5sHQHHm0ToHUlAJSTjW9UWicjJSDDauOOQ2AHuIVp4=
github.com/iris-contrib/blackfriday v2.0.0+incompatible/go.mod h1:UzZ2bDEoaSGPbkg6SAB4att1aAwTmVIx/5gCVqeyUdI=
github.com/iris-contrib/go.uuid v2.0.0+incompatible/go.mod h1:iz2lgM/1UnEf1kP0L/+fafWORmlnuysV2EMP8MW+qe0=
github.com/iris-contrib/jade v1.1.3 h1:p7J/50I0cjo0wq/VWVCDFd8taPJbuFC+bq23SniRFX0=
github.com/iris-contrib/jade v1.1.3/go.mod h1:H/geBymxJhShH5kecoiOCSssPX7QWYH7UaeZTSWddIk=
github.com/iris-contrib/pongo2 v0.0.1 h1:zGP7pW51oi5eQZMIlGA3I+FHY9/HOQWDB+572yin0to=
github.com/iris-contrib/pongo2 v0.0.1/go.mod h1:Ssh+00+3GAZqSQb30AvBRNxBx7rf0GqwkjqxNd0u65g=
github.com/iris-contrib/schema v0.0.1 h1:10g/WnoRR+U+XXHWKBHeNy/+tZmM2kcAVGLOsz+yaDA=
github.com/iris-contrib/schema v0.0.1/go.mod h1:urYA3uvUNG1TIIjOSCzHr9/LmbQo8LrOcOqfqxa4hXw=
github.com/jbenet/go-context v0.0.0-20150711004518-d14ea06fba99 h1:BQSFePA1RWJOlocH6Fxy8MmwDt+yVQYULKfN0RoTN8A=
github.com/jbenet/go-context v0.0.0-20150711004518-d14ea06fba99/go.mod h1:1lJo3i6rXxKeerYnT8Nvf0QmHCRC1n8sfWVwXF2Frvo=
github.com/jessevdk/go-flags v1.5.0/go.mod h1:Fw0T6WPc1dYxT4mKEZRfG5kJhaTDP9pj1c2EWnYs/m4=
github.com/json-iterator/go v1.1.9 h1:9yzud/Ht36ygwatGx56VwCZtlI/2AD15T1X2sjSuGns=
github.com/json-iterator/go v1.1.9/go.mod h1:KdQUCv79m/52Kvf8AW2vK1V8akMuk1QjK/uOdHXbAo4=
github.com/jtolds/gls v4.20.0+incompatible h1:xdiiI2gbIgH/gLH7ADydsJ1uDOEzR8yvV7C0MuV77Wo=
github.com/jtolds/gls v4.20.0+incompatible/go.mod h1:QJZ7F/aHp+rZTRtaJ1ow/lLfFfVYBRgL+9YlvaHOwJU=
github.com/kataras/golog v0.0.10 h1:vRDRUmwacco/pmBAm8geLn8rHEdc+9Z4NAr5Sh7TG/4=
github.com/kataras/golog v0.0.10/go.mod h1:yJ8YKCmyL+nWjERB90Qwn+bdyBZsaQwU3bTVFgkFIp8=
github.com/kataras/iris/v12 v12.1.8 h1:O3gJasjm7ZxpxwTH8tApZsvf274scSGQAUpNe47c37U=
github.com/kataras/iris/v12 v12.1.8/go.mod h1:LMYy4VlP67TQ3Zgriz8RE2h2kMZV2SgMYbq3UhfoFmE=
github.com/kataras/neffos v0.0.14/go.mod h1:8lqADm8PnbeFfL7CLXh1WHw53dG27MC3pgi2R1rmoTE=
github.com/kataras/pio v0.0.2 h1:6NAi+uPJ/Zuid6mrAKlgpbI11/zK/lV4B2rxWaJN98Y=
github.com/kataras/pio v0.0.2/go.mod h1:hAoW0t9UmXi4R5Oyq5Z4irTbaTsOemSrDGUtaTl7Dro=
github.com/kataras/sitemap v0.0.5 h1:4HCONX5RLgVy6G4RkYOV3vKNcma9p236LdGOipJsaFE=
github.com/kataras/sitemap v0.0.5/go.mod h1:KY2eugMKiPwsJgx7+U103YZehfvNGOXURubcGyk0Bz8=
github.com/kevinburke/ssh_config v0.0.0-20201106050909-4977a11b4351 h1:DowS9hvgyYSX4TO5NpyC606/Z4SxnNYbT+WX27or6Ck=
github.com/kevinburke/ssh_config v0.0.0-20201106050909-4977a11b4351/go.mod h1:CT57kijsi8u/K/BOFA39wgDQJ9CxiF4nAY/ojJ6r6mM=
github.com/klauspost/compress v1.9.7/go.mod h1:RyIbtBH6LamlWaDj8nUwkbUhJ87Yi3uG0guNDohfE1A=
github.com/klauspost/compress v1.13.4 h1:0zhec2I8zGnjWcKyLl6i3gPqKANCCn5e9xmviEEeX6s=
github.com/klauspost/compress v1.13.4/go.mod h1:8dP1Hq4DHOhN9w426knH3Rhby4rFm6D8eO+e+Dq5Gzg=
github.com/konsorten/go-windows-terminal-sequences v1.0.1/go.mod h1:T0+1ngSBFLxvqU3pZ+m/2kptfBszLMUkC4ZK/EgS/cQ=
github.com/kr/pretty v0.1.0/go.mod h1:dAy3ld7l9f0ibDNOQOHHMYYIIbhfbHSm3C4ZsoJORNo=
github.com/kr/pretty v0.2.1 h1:Fmg33tUaq4/8ym9TJN1x7sLJnHVwhP33CNkpYV/7rwI=
github.com/kr/pretty v0.2.1/go.mod h1:ipq/a2n7PKx3OHsz4KJII5eveXtPO4qwEXGdVfWzfnI=
github.com/kr/pty v1.1.1/go.mod h1:pFQYn66WHrOpPYNljwOMqo10TkYh1fy3cYio2l3bCsQ=
github.com/kr/text v0.1.0/go.mod h1:4Jbv+DJW3UT/LiOwJeYQe1efqtUx/iVham/4vfdArNI=
github.com/kr/text v0.2.0 h1:5Nx0Ya0ZqY2ygV366QzturHI13Jq95ApcVaJBhpS+AY=
github.com/kr/text v0.2.0/go.mod h1:eLer722TekiGuMkidMxC/pM04lWEeraHUUmBw8l2grE=
github.com/kylelemons/godebug v1.1.0/go.mod h1:9/0rRGxNHcop5bhtWyNeEfOS8JIWk580+fNqagV/RAw=
github.com/lucasb-eyer/go-colorful v1.2.0 h1:1nnpGOrhyZZuNyfu1QjKiUICQ74+3FNCN69Aj6K7nkY=
github.com/lucasb-eyer/go-colorful v1.2.0/go.mod h1:R4dSotOR9KMtayYi1e77YzuveK+i7ruzyGqttikkLy0=
github.com/magiconair/properties v1.8.0/go.mod h1:PppfXfuXeibc/6YijjN8zIbojt8czPbwD3XqdrwzmxQ=
github.com/matryer/is v1.2.0 h1:92UTHpy8CDwaJ08GqLDzhhuixiBUUD1p3AU6PHddz4A=
github.com/matryer/is v1.2.0/go.mod h1:2fLPjFQM9rhQ15aVEtbuwhJinnOqrmgXPNdZsdwlWXA=
github.com/mattn/go-colorable v0.1.6/go.mod h1:u6P/XSegPjTcexA+o6vUJrdnUu04hMope9wVRipJSqc=
github.com/mattn/go-isatty v0.0.12/go.mod h1:cbi8OIDigv2wuxKPP5vlRcQ1OAZbq2CE4Kysco4FUpU=
github.com/mattn/go-isatty v0.0.13/go.mod h1:cbi8OIDigv2wuxKPP5vlRcQ1OAZbq2CE4Kysco4FUpU=
github.com/mattn/go-isatty v0.0.14-0.20210829144114-504425e14f74 h1:3kEhu34+VLPo2YgQ1PXHLQRgMQKtBmq+MmMYEBHGX7U=
github.com/mattn/go-isatty v0.0.14-0.20210829144114-504425e14f74/go.mod h1:7GGIvUiUoEMVVmxf/4nioHXj79iQHKdU27kJ6hsGG94=
github.com/mattn/go-runewidth v0.0.9/go.mod h1:H031xJmbD/WCDINGzjvQ9THkh0rPKHF+m2gUSrubnMI=
github.com/mattn/go-runewidth v0.0.10/go.mod h1:RAqKPSqVFrSLVXbA8x7dzmKdmGzieGRCM46jaSJTDAk=
github.com/mattn/go-runewidth v0.0.12/go.mod h1:RAqKPSqVFrSLVXbA8x7dzmKdmGzieGRCM46jaSJTDAk=
github.com/mattn/go-runewidth v0.0.13 h1:lTGmDsbAYt5DmK6OnoV7EuIF1wEIFAcxld6ypU4OSgU=
github.com/mattn/go-runewidth v0.0.13/go.mod h1:Jdepj2loyihRzMpdS35Xk/zdY8IAYHsh153qUoGf23w=
github.com/mattn/goveralls v0.0.2/go.mod h1:8d1ZMHsd7fW6IRPKQh46F2WRpyib5/X4FOpevwGNQEw=
github.com/mediocregopher/radix/v3 v3.4.2/go.mod h1:8FL3F6UQRXHXIBSPUs5h0RybMF8i4n7wVopoX3x7Bv8=
github.com/meowgorithm/babyenv v1.3.1 h1:18ZEYIgbzoFQfRLF9+lxjRfk/ui6w8U0FWl07CgWvvc=
github.com/meowgorithm/babyenv v1.3.1/go.mod h1:lwNX+J6AGBFqNrMZ2PTLkM6SO+W4X8DOg9zBDO4j3Ig=
github.com/microcosm-cc/bluemonday v1.0.2/go.mod h1:iVP4YcDBq+n/5fb23BhYFvIMq/leAFZyRl6bYmGDlGc=
github.com/microcosm-cc/bluemonday v1.0.6 h1:ZOvqHKtnx0fUpnbQm3m3zKFWE+DRC+XB1onh8JoEObE=
github.com/microcosm-cc/bluemonday v1.0.6/go.mod h1:HOT/6NaBlR0f9XlxD3zolN6Z3N8Lp4pvhp+jLS5ihnI=
github.com/mikesmitty/edkey v0.0.0-20170222072505-3356ea4e686a h1:eU8j/ClY2Ty3qdHnn0TyW3ivFoPC/0F1gQZz8yTxbbE=
github.com/mikesmitty/edkey v0.0.0-20170222072505-3356ea4e686a/go.mod h1:v8eSC2SMp9/7FTKUncp7fH9IwPfw+ysMObcEz5FWheQ=
github.com/mitchellh/go-homedir v1.1.0 h1:lukF9ziXFxDFPkA1vsr5zpc1XuPDn/wFntq5mG+4E0Y=
github.com/mitchellh/go-homedir v1.1.0/go.mod h1:SfyaCUpYCn1Vlf4IUYiD9fPX4A5wJrkLzIz1N1q0pr0=
github.com/mitchellh/mapstructure v1.1.2/go.mod h1:FVVH3fgwuzCH5S8UJGiWEs2h04kUh9fWfEaFds41c1Y=
github.com/modern-go/concurrent v0.0.0-20180228061459-e0a39a4cb421 h1:ZqeYNhU3OHLH3mGKHDcjJRFFRrJa6eAM5H+CtDdOsPc=
github.com/modern-go/concurrent v0.0.0-20180228061459-e0a39a4cb421/go.mod h1:6dJC0mAP4ikYIbvyc7fijjWJddQyLn8Ig3JB5CqoB9Q=
github.com/modern-go/reflect2 v0.0.0-20180701023420-4b7aa43c6742 h1:Esafd1046DLDQ0W1YjYsBW+p8U2u7vzgW2SQVmlNazg=
github.com/modern-go/reflect2 v0.0.0-20180701023420-4b7aa43c6742/go.mod h1:bx2lNnkwVCuqBIxFjflWJWanXIb3RllmbCylyMrvgv0=
github.com/moul/http2curl v1.0.0 h1:dRMWoAtb+ePxMlLkrCbAqh4TlPHXvoGUSQ323/9Zahs=
github.com/moul/http2curl v1.0.0/go.mod h1:8UbvGypXm98wA/IqH45anm5Y2Z6ep6O31QGOAZ3H0fQ=
github.com/muesli/ansi v0.0.0-20211018074035-2e021307bc4b h1:1XF24mVaiu7u+CFywTdcDo2ie1pzzhwjt6RHqzpMU34=
github.com/muesli/ansi v0.0.0-20211018074035-2e021307bc4b/go.mod h1:fQuZ0gauxyBcmsdE3ZT4NasjaRdxmbCS0jRHsrWu3Ho=
github.com/muesli/reflow v0.2.0/go.mod h1:qT22vjVmM9MIUeLgsVYe/Ye7eZlbv9dZjL3dVhUqLX8=
github.com/muesli/reflow v0.2.1-0.20210115123740-9e1d0d53df68/go.mod h1:Xk+z4oIWdQqJzsxyjgl3P22oYZnHdZ8FFTHAQQt5BMQ=
github.com/muesli/reflow v0.3.0 h1:IFsN6K9NfGtjeggFP+68I4chLZV2yIKsXJFNZ+eWh6s=
github.com/muesli/reflow v0.3.0/go.mod h1:pbwTDkVPibjO2kyvBQRBxTWEEGDGq0FlB1BIKtnHY/8=
github.com/muesli/termenv v0.8.1/go.mod h1:kzt/D/4a88RoheZmwfqorY3A+tnsSMA9HJC/fQSFKo0=
github.com/muesli/termenv v0.9.0 h1:wnbOaGz+LUR3jNT0zOzinPnyDaCZUQRZj9GxK8eRVl8=
github.com/muesli/termenv v0.9.0/go.mod h1:R/LzAKf+suGs4IsO95y7+7DpFHO0KABgnZqtlyx2mBw=
github.com/nats-io/jwt v0.3.0/go.mod h1:fRYCDE99xlTsqUzISS1Bi75UBJ6ljOJQOAAu5VglpSg=
github.com/nats-io/nats.go v1.9.1/go.mod h1:ZjDU1L/7fJ09jvUSRVBR2e7+RnLiiIQyqyzEE/Zbp4w=
github.com/nats-io/nkeys v0.1.0/go.mod h1:xpnFELMwJABBLVhffcfd1MZx6VsNRFpEugbxziKVo7w=
github.com/nats-io/nuid v1.0.1/go.mod h1:19wcPz3Ph3q0Jbyiqsd0kePYG7A95tJPxeL+1OSON2c=
github.com/niemeyer/pretty v0.0.0-20200227124842-a10e7caefd8e/go.mod h1:zD1mROLANZcx1PVRCS0qkT7pwLkGfwJo4zjcN/Tysno=
github.com/olekukonko/tablewriter v0.0.5 h1:P2Ga83D34wi1o9J6Wh1mRuqd4mF/x/lgBS7N7AbDhec=
github.com/olekukonko/tablewriter v0.0.5/go.mod h1:hPp6KlRPjbx+hW8ykQs1w3UBbZlj6HuIJcUGPhkA7kY=
github.com/pelletier/go-toml v1.2.0/go.mod h1:5z9KED0ma1S8pY6P1sdut58dfprrGBbd/94hg7ilaic=
github.com/pkg/errors v0.8.1/go.mod h1:bwawxfHBFNV+L2hUp1rHADufV3IMtnDRdf1r5NINEl0=
github.com/pkg/errors v0.9.1 h1:FEBLx1zS214owpjy7qsBeixbURkuhQAwrK5UwLGTwt4=
github.com/pkg/errors v0.9.1/go.mod h1:bwawxfHBFNV+L2hUp1rHADufV3IMtnDRdf1r5NINEl0=
github.com/pmezard/go-difflib v1.0.0 h1:4DBwDE0NGyQoBHbLQYPwSUPoCMWR5BEzIk/f1lZbAQM=
github.com/pmezard/go-difflib v1.0.0/go.mod h1:iKH77koFhYxTK1pcRnkKkqfTogsbg7gZNVY4sRDYZ/4=
github.com/rivo/uniseg v0.1.0/go.mod h1:J6wj4VEh+S6ZtnVlnTBMWIodfgj8LQOQFoIToxlJtxc=
github.com/rivo/uniseg v0.2.0 h1:S1pD9weZBuJdFmowNwbpi7BJ8TNftyUImj/0WQi72jY=
github.com/rivo/uniseg v0.2.0/go.mod h1:J6wj4VEh+S6ZtnVlnTBMWIodfgj8LQOQFoIToxlJtxc=
github.com/russross/blackfriday v1.5.2/go.mod h1:JO/DiYxRf+HjHt06OyowR9PTA263kcR/rfWxYHBV53g=
github.com/ryanuber/columnize v2.1.0+incompatible h1:j1Wcmh8OrK4Q7GXY+V7SVSY8nUWQxHW5TkBe7YUl+2s=
github.com/ryanuber/columnize v2.1.0+incompatible/go.mod h1:sm1tb6uqfes/u+d4ooFouqFdy9/2g9QGwK3SQygK0Ts=
github.com/sahilm/fuzzy v0.1.0/go.mod h1:VFvziUEIMCrT6A6tw2RFIXPXXmzXbOsSHF0DOI8ZK9Y=
github.com/schollz/closestmatch v2.1.0+incompatible h1:Uel2GXEpJqOWBrlyI+oY9LTiyyjYS17cCYRqP13/SHk=
github.com/schollz/closestmatch v2.1.0+incompatible/go.mod h1:RtP1ddjLong6gTkbtmuhtR2uUrrJOpYzYRvbcPAid+g=
github.com/sergi/go-diff v1.0.0/go.mod h1:0CfEIISq7TuYL3j771MWULgwwjU+GofnZX9QAmXWZgo=
github.com/sergi/go-diff v1.1.0 h1:we8PVUC3FE2uYfodKH/nBHMSetSfHDR6scGdBi+erh0=
github.com/sergi/go-diff v1.1.0/go.mod h1:STckp+ISIX8hZLjrqAeVduY0gWCT9IjLuqbuNXdaHfM=
github.com/shurcooL/sanitized_anchor_name v1.0.0 h1:PdmoCO6wvbs+7yrJyMORt4/BmY5IYyJwS/kOiWx8mHo=
github.com/shurcooL/sanitized_anchor_name v1.0.0/go.mod h1:1NzhyTcUVG4SuEtjjoZeVRXNmyL/1OwPU0+IJeTBvfc=
github.com/sirupsen/logrus v1.4.1/go.mod h1:ni0Sbl8bgC9z8RoU9G6nDWqqs/fq4eDPysMBDgk/93Q=
github.com/smartystreets/assertions v1.2.0 h1:42S6lae5dvLc7BrLu/0ugRtcFVjoJNMC/N3yZFZkDFs=
github.com/smartystreets/assertions v1.2.0/go.mod h1:tcbTF8ujkAEcZ8TElKY+i30BzYlVhC/LOxJk7iOWnoo=
github.com/smartystreets/goconvey v1.7.2 h1:9RBaZCeXEQ3UselpuwUQHltGVXvdwm6cv1hgR6gDIPg=
github.com/smartystreets/goconvey v1.7.2/go.mod h1:Vw0tHAZW6lzCRk3xgdin6fKYcG+G3Pg9vgXWeJpQFMM=
github.com/spf13/afero v1.1.2/go.mod h1:j4pytiNVoe2o6bmDsKpLACNPDBIoEAkihy7loJ1B0CQ=
github.com/spf13/cast v1.3.0/go.mod h1:Qx5cxh0v+4UWYiBimWS+eyWzqEqokIECu5etghLkUJE=
github.com/spf13/cobra v0.0.5/go.mod h1:3K3wKZymM7VvHMDS9+Akkh4K60UwM26emMESw8tLCHU=
github.com/spf13/jwalterweatherman v1.0.0/go.mod h1:cQK4TGJAtQXfYWX+Ddv3mKDzgVb68N+wFjFa4jdeBTo=
github.com/spf13/pflag v1.0.3/go.mod h1:DYY7MBk1bdzusC3SYhjObp+wFpr4gzcvqqNjLnInEg4=
github.com/spf13/viper v1.3.2/go.mod h1:ZiWeW+zYFKm7srdB9IoDzzZXaJaI5eL9QjNiN/DMA2s=
github.com/stretchr/objx v0.1.0/go.mod h1:HFkY916IF+rwdDfMAkV7OtwuqBVzrE8GR6GFx+wExME=
github.com/stretchr/objx v0.1.1/go.mod h1:HFkY916IF+rwdDfMAkV7OtwuqBVzrE8GR6GFx+wExME=
github.com/stretchr/testify v1.2.2/go.mod h1:a8OnRcib4nhh0OaRAV+Yts87kKdq0PP7pXfy6kDkUVs=
github.com/stretchr/testify v1.3.0/go.mod h1:M5WIy9Dh21IEIfnGCwXGc5bZfKNJtfHm1UVUgZn+9EI=
github.com/stretchr/testify v1.4.0/go.mod h1:j7eGeouHqKxXV5pUuKE4zz7dFj8WfuZ+81PSLYec5m4=
github.com/stretchr/testify v1.7.0 h1:nwc3DEeHmmLAfoZucVR881uASk0Mfjw8xYJ99tb5CcY=
github.com/stretchr/testify v1.7.0/go.mod h1:6Fq8oRcR53rry900zMqJjRRixrwX3KX962/h/Wwjteg=
github.com/ugorji/go/codec v0.0.0-20181204163529-d75b2dcb6bc8/go.mod h1:VFNgLljTbGfSG7qAOspJ7OScBnGdDN/yBr0sguwnwf0=
github.com/valyala/bytebufferpool v1.0.0 h1:GqA5TC/0021Y/b9FG4Oi9Mr3q7XYx6KllzawFIhcdPw=
github.com/valyala/bytebufferpool v1.0.0/go.mod h1:6bBcMArwyJ5K/AmCkWv1jt77kVWyCJ6HpOuEn7z0Csc=
github.com/valyala/fasthttp v1.32.0 h1:keswgWzyKyNIIjz2a7JmCYHOOIkRp6HMx9oTV6QrZWY=
github.com/valyala/fasthttp v1.32.0/go.mod h1:2rsYD01CKFrjjsvFxx75KlEUNpWNBY9JWD3K/7o2Cus=
github.com/valyala/tcplisten v1.0.0/go.mod h1:T0xQ8SeCZGxckz9qRXTfG43PvQ/mcWh7FwZEA7Ioqkc=
github.com/xanzy/ssh-agent v0.3.0 h1:wUMzuKtKilRgBAD1sUb8gOwwRr2FGoBVumcjoOACClI=
github.com/xanzy/ssh-agent v0.3.0/go.mod h1:3s9xbODqPuuhK9JV1R321M/FlMZSBvE5aY6eAcqrDh0=
github.com/xeipuuv/gojsonpointer v0.0.0-20180127040702-4e3ac2762d5f h1:J9EGpcZtP0E/raorCMxlFGSTBrsSlaDGf3jU/qvAE2c=
github.com/xeipuuv/gojsonpointer v0.0.0-20180127040702-4e3ac2762d5f/go.mod h1:N2zxlSyiKSe5eX1tZViRH5QA0qijqEDrYZiPEAiq3wU=
github.com/xeipuuv/gojsonreference v0.0.0-20180127040603-bd5ef7bd5415 h1:EzJWgHovont7NscjpAxXsDA8S8BMYve8Y5+7cuRE7R0=
github.com/xeipuuv/gojsonreference v0.0.0-20180127040603-bd5ef7bd5415/go.mod h1:GwrjFmJcFw6At/Gs6z4yjiIwzuJ1/+UwLxMQDVQXShQ=
github.com/xeipuuv/gojsonschema v1.2.0 h1:LhYJRs+L4fBtjZUfuSZIKGeVu0QRy8e5Xi7D17UxZ74=
github.com/xeipuuv/gojsonschema v1.2.0/go.mod h1:anYRn/JVcOK2ZgGU+IjEV4nwlhoK5sQluxsYJ78Id3Y=
github.com/xordataexchange/crypt v0.0.3-0.20170626215501-b2862e3d0a77/go.mod h1:aYKd//L2LvnjZzWKhF00oedf4jCCReLcmhLdhm1A27Q=
github.com/yalp/jsonpath v0.0.0-20180802001716-5cc68e5049a0 h1:6fRhSjgLCkTD3JnJxvaJ4Sj+TYblw757bqYgZaOq5ZY=
github.com/yalp/jsonpath v0.0.0-20180802001716-5cc68e5049a0/go.mod h1:/LWChgwKmvncFJFHJ7Gvn9wZArjbV5/FppcK2fKk/tI=
github.com/yudai/gojsondiff v1.0.0 h1:27cbfqXLVEJ1o8I6v3y9lg8Ydm53EKqHXAOMxEGlCOA=
github.com/yudai/gojsondiff v1.0.0/go.mod h1:AY32+k2cwILAkW1fbgxQ5mUmMiZFgLIV+FBNExI05xg=
github.com/yudai/golcs v0.0.0-20170316035057-ecda9a501e82 h1:BHyfKlQyqbsFN5p3IfnEUduWvb9is428/nNb5L3U01M=
github.com/yudai/golcs v0.0.0-20170316035057-ecda9a501e82/go.mod h1:lgjkn3NuSvDfVJdfcVVdX+jpBxNmX4rDAzaS45IcYoM=
github.com/yuin/goldmark v1.2.1/go.mod h1:3hX8gzYuyVAZsxl0MRgGTJEmQBFcNTphYh9decYSb74=
github.com/yuin/goldmark v1.3.3 h1:37BdQwPx8VOSic8eDSWee6QL9mRpZRm9VJp/QugNrW0=
github.com/yuin/goldmark v1.3.3/go.mod h1:mwnBkeHKe2W/ZEtQ+71ViKU8L12m81fl3OWwC1Zlc8k=
github.com/yuin/goldmark-emoji v1.0.1 h1:ctuWEyzGBwiucEqxzwe0SOYDXPAucOrE9NQC18Wa1os=
github.com/yuin/goldmark-emoji v1.0.1/go.mod h1:2w1E6FEWLcDQkoTE+7HU6QF1F6SLlNGjRIBbIZQFqkQ=
golang.org/x/crypto v0.0.0-20181203042331-505ab145d0a9/go.mod h1:6SG95UA2DQfeDnfUPMdvaQW0Q7yPrPDi9nlGo2tz2b4=
golang.org/x/crypto v0.0.0-20190219172222-a4c6cb3142f2/go.mod h1:6SG95UA2DQfeDnfUPMdvaQW0Q7yPrPDi9nlGo2tz2b4=
golang.org/x/crypto v0.0.0-20190308221718-c2843e01d9a2/go.mod h1:djNgcEr1/C05ACkg1iLfiJU5Ep61QUkGW8qpdssI0+w=
golang.org/x/crypto v0.0.0-20190701094942-4def268fd1a4/go.mod h1:yigFU9vqHzYiE8UmvKecakEJjdnWj3jj499lnFckfCI=
golang.org/x/crypto v0.0.0-20191227163750-53104e6ec876/go.mod h1:LzIPMQfyMNhhGPhUkYOs5KpL4U8rLKemX1yGLhDgUto=
golang.org/x/crypto v0.0.0-20210322153248-0c34fe9e7dc2/go.mod h1:T9bdIzuCu7OtxOm1hfPfRQxPLYneinmdGuTeoZ9dtd4=
golang.org/x/crypto v0.0.0-20210421170649-83a5a9bb288b/go.mod h1:T9bdIzuCu7OtxOm1hfPfRQxPLYneinmdGuTeoZ9dtd4=
golang.org/x/crypto v0.0.0-20210513164829-c07d793c2f9a/go.mod h1:P+XmwS30IXTQdn5tA2iutPOUgjI07+tq3H3K9MVA1s8=
golang.org/x/crypto v0.0.0-20210616213533-5ff15b29337e/go.mod h1:GvvjBRRGRdwPK5ydBHafDWAxML/pGHZbMvKqRZ5+Abc=
golang.org/x/crypto v0.0.0-20210817164053-32db794688a5 h1:HWj/xjIHfjYU5nVXpTM0s39J9CbLn7Cc5a7IC5rwsMQ=
golang.org/x/crypto v0.0.0-20210817164053-32db794688a5/go.mod h1:GvvjBRRGRdwPK5ydBHafDWAxML/pGHZbMvKqRZ5+Abc=
golang.org/x/net v0.0.0-20181220203305-927f97764cc3/go.mod h1:mL1N/T3taQHkDXs73rZJwtUhF3w3ftmwwsq0BUmARs4=
golang.org/x/net v0.0.0-20190311183353-d8887717615a/go.mod h1:t9HGtf8HONx5eT2rtn7q6eTqICYqUVnKs3thJo3Qplg=
golang.org/x/net v0.0.0-20190327091125-710a502c58a2/go.mod h1:t9HGtf8HONx5eT2rtn7q6eTqICYqUVnKs3thJo3Qplg=
golang.org/x/net v0.0.0-20190404232315-eb5bcb51f2a3/go.mod h1:t9HGtf8HONx5eT2rtn7q6eTqICYqUVnKs3thJo3Qplg=
golang.org/x/net v0.0.0-20190620200207-3b0461eec859/go.mod h1:z5CRVTTTmAJ677TzLLGU+0bjPO0LkuOLi4/5GtJWs/s=
golang.org/x/net v0.0.0-20191209160850-c0dbc17a3553/go.mod h1:z5CRVTTTmAJ677TzLLGU+0bjPO0LkuOLi4/5GtJWs/s=
golang.org/x/net v0.0.0-20210226172049-e18ecbb05110/go.mod h1:m0MpNAwzfU5UDzcl9v0D8zg8gWTRqZa9RBIspLL5mdg=
golang.org/x/net v0.0.0-20210326060303-6b1517762897/go.mod h1:uSPa2vr4CLtc/ILN5odXGNXS6mhrKVzTaCXzk9m6W3k=
golang.org/x/net v0.0.0-20210331212208-0fccb6fa2b5c/go.mod h1:p54w0d4576C0XHj96bSt6lcn1PtDYWL6XObtHCRCNQM=
golang.org/x/net v0.0.0-20210510120150-4163338589ed h1:p9UgmWI9wKpfYmgaV/IZKGdXc5qEK45tDwwwDyjS26I=
golang.org/x/net v0.0.0-20210510120150-4163338589ed/go.mod h1:9nx3DQGgdP8bBQD5qxJ1jj9UTztislL4KSBs9R2vV5Y=
golang.org/x/sync v0.0.0-20190911185100-cd5d95a43a6e/go.mod h1:RxMgew5VJxzue5/jJTE5uejpjVlOe/izrB70Jof72aM=
golang.org/x/sys v0.0.0-20180905080454-ebe1bf3edb33/go.mod h1:STP8DvDyc/dI5b8T5hshtkjS+E42TnysNCUPdjciGhY=
golang.org/x/sys v0.0.0-20181205085412-a5c9d58dba9a/go.mod h1:STP8DvDyc/dI5b8T5hshtkjS+E42TnysNCUPdjciGhY=
golang.org/x/sys v0.0.0-20190215142949-d0b11bdaac8a/go.mod h1:STP8DvDyc/dI5b8T5hshtkjS+E42TnysNCUPdjciGhY=
golang.org/x/sys v0.0.0-20190412213103-97732733099d/go.mod h1:h1NjWce9XRLGQEsW7wpKNCjG9DtNlClVuFLEZdDNbEs=
golang.org/x/sys v0.0.0-20190507160741-ecd444e8653b/go.mod h1:h1NjWce9XRLGQEsW7wpKNCjG9DtNlClVuFLEZdDNbEs=
golang.org/x/sys v0.0.0-20190626221950-04f50cda93cb/go.mod h1:h1NjWce9XRLGQEsW7wpKNCjG9DtNlClVuFLEZdDNbEs=
golang.org/x/sys v0.0.0-20190916202348-b4ddaad3f8a3/go.mod h1:h1NjWce9XRLGQEsW7wpKNCjG9DtNlClVuFLEZdDNbEs=
golang.org/x/sys v0.0.0-20200116001909-b77594299b42/go.mod h1:h1NjWce9XRLGQEsW7wpKNCjG9DtNlClVuFLEZdDNbEs=
golang.org/x/sys v0.0.0-20200223170610-d5e6a3e2c0ae/go.mod h1:h1NjWce9XRLGQEsW7wpKNCjG9DtNlClVuFLEZdDNbEs=
golang.org/x/sys v0.0.0-20200302150141-5c8b2ff67527/go.mod h1:h1NjWce9XRLGQEsW7wpKNCjG9DtNlClVuFLEZdDNbEs=
golang.org/x/sys v0.0.0-20200413165638-669c56c373c4/go.mod h1:h1NjWce9XRLGQEsW7wpKNCjG9DtNlClVuFLEZdDNbEs=
golang.org/x/sys v0.0.0-20200916030750-2334cc1a136f/go.mod h1:h1NjWce9XRLGQEsW7wpKNCjG9DtNlClVuFLEZdDNbEs=
golang.org/x/sys v0.0.0-20201119102817-f84b799fce68/go.mod h1:h1NjWce9XRLGQEsW7wpKNCjG9DtNlClVuFLEZdDNbEs=
golang.org/x/sys v0.0.0-20210119212857-b64e53b001e4/go.mod h1:h1NjWce9XRLGQEsW7wpKNCjG9DtNlClVuFLEZdDNbEs=
golang.org/x/sys v0.0.0-20210124154548-22da62e12c0c/go.mod h1:h1NjWce9XRLGQEsW7wpKNCjG9DtNlClVuFLEZdDNbEs=
golang.org/x/sys v0.0.0-20210320140829-1e4c9ba3b0c4/go.mod h1:h1NjWce9XRLGQEsW7wpKNCjG9DtNlClVuFLEZdDNbEs=
golang.org/x/sys v0.0.0-20210324051608-47abb6519492/go.mod h1:h1NjWce9XRLGQEsW7wpKNCjG9DtNlClVuFLEZdDNbEs=
golang.org/x/sys v0.0.0-20210330210617-4fbd30eecc44/go.mod h1:h1NjWce9XRLGQEsW7wpKNCjG9DtNlClVuFLEZdDNbEs=
golang.org/x/sys v0.0.0-20210423082822-04245dca01da/go.mod h1:h1NjWce9XRLGQEsW7wpKNCjG9DtNlClVuFLEZdDNbEs=
golang.org/x/sys v0.0.0-20210502180810-71e4cd670f79/go.mod h1:h1NjWce9XRLGQEsW7wpKNCjG9DtNlClVuFLEZdDNbEs=
golang.org/x/sys v0.0.0-20210514084401-e8d321eab015/go.mod h1:oPkhp1MJrh7nUepCBck5+mAzfO9JrbApNNgaTdGDITg=
golang.org/x/sys v0.0.0-20210615035016-665e8c7367d1/go.mod h1:oPkhp1MJrh7nUepCBck5+mAzfO9JrbApNNgaTdGDITg=
golang.org/x/sys v0.0.0-20210616094352-59db8d763f22/go.mod h1:oPkhp1MJrh7nUepCBck5+mAzfO9JrbApNNgaTdGDITg=
golang.org/x/sys v0.0.0-20210630005230-0f9fa26af87c h1:F1jZWGFhYfh0Ci55sIpILtKKK8p3i2/krTr0H1rg74I=
golang.org/x/sys v0.0.0-20210630005230-0f9fa26af87c/go.mod h1:oPkhp1MJrh7nUepCBck5+mAzfO9JrbApNNgaTdGDITg=
golang.org/x/term v0.0.0-20201126162022-7de9c90e9dd1/go.mod h1:bj7SfCRtBDWHUb9snDiAeCFNEtKQo2Wmx5Cou7ajbmo=
golang.org/x/term v0.0.0-20210422114643-f5beecf764ed h1:Ei4bQjjpYUsS4efOUz+5Nz++IVkHk87n2zBA0NxBWc0=
golang.org/x/term v0.0.0-20210422114643-f5beecf764ed/go.mod h1:bj7SfCRtBDWHUb9snDiAeCFNEtKQo2Wmx5Cou7ajbmo=
golang.org/x/text v0.3.0/go.mod h1:NqM8EUOU14njkJ3fqMW+pc6Ldnwhi/IjpwHt7yyuwOQ=
golang.org/x/text v0.3.2/go.mod h1:bEr9sfX3Q8Zfm5fL9x+3itogRgK3+ptLWKqgva+5dAk=
golang.org/x/text v0.3.3/go.mod h1:5Zoc/QRtKVWzQhOtBMvqHzDpF6irO9z98xDceosuGiQ=
golang.org/x/text v0.3.6 h1:aRYxNxv6iGQlyVaZmk6ZgYEDa+Jg18DxebPSrd6bg1M=
golang.org/x/text v0.3.6/go.mod h1:5Zoc/QRtKVWzQhOtBMvqHzDpF6irO9z98xDceosuGiQ=
golang.org/x/tools v0.0.0-20180917221912-90fa682c2a6e/go.mod h1:n7NCudcB/nEzxVGmLbDWY5pfWTLqBcC2KZ6jyYvM4mQ=
golang.org/x/tools v0.0.0-20181221001348-537d06c36207/go.mod h1:n7NCudcB/nEzxVGmLbDWY5pfWTLqBcC2KZ6jyYvM4mQ=
golang.org/x/tools v0.0.0-20190327201419-c70d86f8b7cf/go.mod h1:LCzVGOaR6xXOjkQ3onu1FJEFr0SW1gC7cKk1uF8kGRs=
golang.org/x/tools v0.0.0-20190328211700-ab21143f2384/go.mod h1:LCzVGOaR6xXOjkQ3onu1FJEFr0SW1gC7cKk1uF8kGRs=
golang.org/x/xerrors v0.0.0-20191011141410-1b5146add898/go.mod h1:I/5z698sn9Ka8TeJc9MKroUUfqBBauWjQqLJ2OPfmY0=
golang.org/x/xerrors v0.0.0-20191204190536-9bdfabe68543/go.mod h1:I/5z698sn9Ka8TeJc9MKroUUfqBBauWjQqLJ2OPfmY0=
gopkg.in/check.v1 v0.0.0-20161208181325-20d25e280405/go.mod h1:Co6ibVJAznAaIkqp8huTwlJQCZ016jof/cbN4VW5Yz0=
gopkg.in/check.v1 v1.0.0-20190902080502-41f04d3bba15/go.mod h1:Co6ibVJAznAaIkqp8huTwlJQCZ016jof/cbN4VW5Yz0=
gopkg.in/check.v1 v1.0.0-20200227125254-8fa46927fb4f/go.mod h1:Co6ibVJAznAaIkqp8huTwlJQCZ016jof/cbN4VW5Yz0=
gopkg.in/check.v1 v1.0.0-20201130134442-10cb98267c6c h1:Hei/4ADfdWqJk1ZMxUNpqntNwaWcugrBjAiHlqqRiVk=
gopkg.in/check.v1 v1.0.0-20201130134442-10cb98267c6c/go.mod h1:JHkPIbrfpd72SG/EVd6muEfDQjcINNoR0C8j2r3qZ4Q=
gopkg.in/ini.v1 v1.51.1 h1:GyboHr4UqMiLUybYjd22ZjQIKEJEpgtLXtuGbR21Oho=
gopkg.in/ini.v1 v1.51.1/go.mod h1:pNLf8WUiyNEtQjuu5G5vTm06TEv9tsIgeAvK8hOrP4k=
gopkg.in/mgo.v2 v2.0.0-20180705113604-9856a29383ce/go.mod h1:yeKp02qBN3iKW1OzL3MGk2IdtZzaj7SFntXj72NppTA=
gopkg.in/warnings.v0 v0.1.2 h1:wFXVbFY8DY5/xOe1ECiWdKCzZlxgshcYVNkBHstARME=
gopkg.in/warnings.v0 v0.1.2/go.mod h1:jksf8JmL6Qr/oQM2OXTHunEvvTAsrWBLb6OOjuVWRNI=
gopkg.in/yaml.v2 v2.2.2/go.mod h1:hI93XBmqTisBFMUTm0b8Fm+jr3Dg1NNxqwp+5A1VGuI=
gopkg.in/yaml.v2 v2.2.4/go.mod h1:hI93XBmqTisBFMUTm0b8Fm+jr3Dg1NNxqwp+5A1VGuI=
gopkg.in/yaml.v2 v2.3.0 h1:clyUAQHOM3G0M3f5vQj7LuJrETvjVot3Z5el9nffUtU=
gopkg.in/yaml.v2 v2.3.0/go.mod h1:hI93XBmqTisBFMUTm0b8Fm+jr3Dg1NNxqwp+5A1VGuI=
gopkg.in/yaml.v3 v3.0.0-20191120175047-4206685974f2/go.mod h1:K4uyk7z7BCEPqu6E+C64Yfv1cQ7kz7rIZviUmN+EgEM=
gopkg.in/yaml.v3 v3.0.0-20200313102051-9f266ea9e77c h1:dUUwHk2QECo/6vqA44rthZ8ie2QXMNeKRTHCNY2nXvo=
gopkg.in/yaml.v3 v3.0.0-20200313102051-9f266ea9e77c/go.mod h1:K4uyk7z7BCEPqu6E+C64Yfv1cQ7kz7rIZviUmN+EgEM=
